# pack-refs with: peeled fully-peeled 
0b66be566f3c47ca8f6d3310185dae3d53f4a7b0 refs/heads/2.1.6+debugging
a0a632bf8ce8237839b300a7cf41c1217552c297 refs/heads/2.3.0+debugging
abd71f4590544931677eddd6fe0183de128d81f1 refs/heads/2.3.0+debugging+client
8a527decd778f30cfaf2fadb9d7faa405cb666d1 refs/heads/asynchronous_DIO
eb79abd9d9de6fbd1534ff21b0c4e90f4ad30fd8 refs/heads/concurrencyFixes
f3ade2d778546f1741dd8093be152fef340ee8fb refs/heads/concurrencyFixes2
f8ead69d23439600063297c4eddd4f27a1aebd7c refs/heads/concurrencyFixes2b
fc2fe3e234c51927865dd5c96f0266be6200ef96 refs/heads/debugging
83374fdcbd845c90af4dea2769e4ecf1c7b09547 refs/heads/doc_overhaul
243e66a58138e21a3b16925dce8b2a53abe2155c refs/heads/doc_overhaul_2
22ab50a445fde0fc003d8287891bb9aa12a42acb refs/heads/gcd_asynch_DIO
509240f89f3be2c51b51a16eee4605d5f04a62de refs/heads/issue.swift402
3443bfd2bf6080cba7940ab1be4fc240619a1e9d refs/heads/issue.swift403
8429c437c57e1ac37c9439601775f0e55c5a7fb8 refs/heads/issue_1029
a2f390ce7a6af70b9c58115546e2dfb81e890079 refs/heads/issue_1034
10a26079de269c8886e2e6d93225e86080031af9 refs/heads/issue_1034_4
c2c5f02afb4599348c55a018c9eb80707658b9de refs/heads/issue_974
a83ca8a082f3cab7b69107532a59cf941919f08c refs/heads/issue_crash_backtrace
736bc7c2186c71442ab07b182a7f6aa26edafe00 refs/heads/master
2a4c539f5dc9315b64bf4891267be3d10f6e485e refs/heads/pipeline2
b56ad4fdba9f21e0d329cff57ab80b8a50aef56b refs/heads/pipeline3
843235aef6ed2a50991849d70e379874872cf647 refs/heads/queryEmptyStringNil
0912c19eaa6b795e158b6518c257a66457f3ed86 refs/heads/requestLimit
39b2a54ce446b5ffbb1db4a3bea2d77b137f2754 refs/heads/ssl_negotiation
cb4f8a7bec7d4bed39a59c76da03f889211960dd refs/heads/testpods
d32aa69a618e1f421679c312f3fca30f2d7eb939 refs/heads/threadSafeAccess
c19409314cd9cbbf0906fb186a16415cbab3f358 refs/heads/travis
44a484b9a57e99ac66a7c2429a068de79dcb0ee8 refs/pull/1/head
b538e2777d4ffacbb640c1740a5b60a5319f74e7 refs/pull/100/head
2159f4ba260dcb9e03508167332e29252915d2fc refs/pull/101/head
19037e79bbae52fac529030841791a246aaeccdd refs/pull/102/head
2c88d3ec51495fadeac392e8b6cc5a25a1d0e85e refs/pull/103/head
c4c0154603cee6d51dc80b82e08b6a6a9764e752 refs/pull/104/head
5912b94f9c3cc4cddcb41ae4bea82929e004bdf2 refs/pull/105/head
3cec6351926729036af9a979e803120bc06d8bb5 refs/pull/106/head
c7faa41aa85b8d02eafe728e5efd6c732668c52f refs/pull/107/head
2eda72c31207ffc93cc3b88e02b3844052368c34 refs/pull/107/merge
a01ba71894eafbc1d157acd07b4a25148bb27e86 refs/pull/108/head
9f7fe85cbbd4da50df43b858216606bfc41af38d refs/pull/109/head
a36f5f2c87d237a7191ffdc7c80f798d24560cb2 refs/pull/110/head
3bab86e7f4f1e46b5d909f1b4606bf664cbf72f9 refs/pull/111/head
0799f4f5197eb2fe4208b18d998c8df796c73a4a refs/pull/112/head
ffc616546eb9f4a2d1f7ff1109a07012a2df4452 refs/pull/112/merge
c3f97f794c38329481641718da18a144f7284972 refs/pull/113/head
0c2a5c7895b07a52aec335a5e20e4366009e6c86 refs/pull/113/merge
a12c528d882fffd60fa9e6ec186bb2276357d66c refs/pull/114/head
76812ff9714b18d6b08765adad278f6b3af47df1 refs/pull/115/head
1e536ebbe45a50d5f7d91b804d9a5cb30259d6bd refs/pull/116/head
6683c2065b27591eadafb64a8f150c55d3e72413 refs/pull/117/head
023f19c9b0e0743c33711ce244ff5759b22f44fc refs/pull/118/head
653c55222bb9c9c51cbe7d68bf4db0eebc442e4b refs/pull/119/head
bae15ed02234c4b05d1b74f2e96bf72257a5778c refs/pull/12/head
17d4acc4cc527830e732ac22451c8d4dff402412 refs/pull/12/merge
006251b66ca98e45cb9caa3dc2191c3f790582ac refs/pull/120/head
ebed06cace738c0f9f33e290fdc68c85d273b428 refs/pull/121/head
34b6d06b1b03c6369921c51eeaecde4dddd97b04 refs/pull/122/head
11df1338a8432152df40aad6a6a0ed58f7a5deaa refs/pull/123/head
83902798622b86e6069a4d8e0540a1f637229233 refs/pull/123/merge
305c8a260bb84d70fd21d462d764675da39e3a7f refs/pull/124/head
8c31140630a0ea04030618799742386ca8852120 refs/pull/125/head
f71e382e4838b5a586ce6bb232a06b003368fedd refs/pull/126/head
b2423ffe0d0285347fa00c05c1bee9a56bd6f6ca refs/pull/127/head
90a9f34b08a32ab4ff19a89ed5569901ad531f7f refs/pull/128/head
a71e1c46d27203d212826a9556b7106d5876abd9 refs/pull/129/head
3c1eb003f1ae8e8f58e129a2dd3df2c2b766a311 refs/pull/13/head
737b3fe6e9ab4d69203e072f70b6c12c3017dae9 refs/pull/13/merge
5e6dbb5d109e5a31548aebd9aeed05a8c15acff2 refs/pull/130/head
cce0b4f287adaf65cff520ff967b90e635ca0922 refs/pull/131/head
eb3e1f6abcb90c3d697127c24bbf6dbca09bd047 refs/pull/132/head
039b819864c460019c5b80f8198fada71ad5d5cd refs/pull/133/head
5393517b12ede44adaed06d86739bbdf6b86ec72 refs/pull/134/head
9e5802167ea6096f8cd0c67723cae4e399de970c refs/pull/135/head
4570de0e1d0d67643c132ff09f6da794bc01907e refs/pull/136/head
f506731f0dd7718e2db2207141e5bb57b0cdb61b refs/pull/137/head
0a150433e6c8e83c316bb63a256fe58220eb009e refs/pull/138/head
c2891cf23d79039c21bf523c9b84d493f9a58e48 refs/pull/139/head
d3d66bd607f415e721ea632be9402999e06f2bc4 refs/pull/14/head
8ed774c317edcaa433205f9a8f15c6c410e46266 refs/pull/14/merge
27eba4a6bbb129355a598ad37917d87d9020f062 refs/pull/140/head
777dcc84f0a28947aa25a386625826ab546c7054 refs/pull/141/head
e4c343a1ab2c2e36e8df029761a0d5483f0fd973 refs/pull/142/head
455b41dabd4db6d2c273eb1d3ce739f1aecc6c83 refs/pull/143/head
5663cfe55af994e36cb45c833407ae600a93c8af refs/pull/144/head
4dfbb5dc1d87d7a914993c56596b5175b388c642 refs/pull/145/head
510c78672f757f7243996a1ab6091d500300d84a refs/pull/146/head
e4c343a1ab2c2e36e8df029761a0d5483f0fd973 refs/pull/147/head
36dd4796581bc7cf05a6813c3e73208348a5d3ef refs/pull/148/head
7c5f1bafdfc3213c6b1fe7bb58cd101e754e448f refs/pull/149/head
9eea87d28000a891c5ea168210185ff81ae5bbc2 refs/pull/15/head
6f7c12550ee629e1d9c0e77257a097934bcde012 refs/pull/150/head
96e96b06ea2a49e7cbe3d114e1faf49155fc142a refs/pull/151/head
c585f37661867a15f0741e1b56bc52fd0a921612 refs/pull/152/head
8eef9d92eedbd8f2649a26c30ccfdd691869b8da refs/pull/153/head
28f743051e3c2a3d08fba1e83c88649aec84fb3e refs/pull/154/head
e2599d30911721092a0fb4af181eb7328e590fdd refs/pull/155/head
cc65526b8a3b127bb40930e7b08ba4d6539c330d refs/pull/156/head
6ebee6a726632645310e37b8fb0c004104a33ac5 refs/pull/157/head
787b3135a676dbef6617b06877ebe8cd9b11217b refs/pull/159/head
912946697802a4072724eca3090cc062b7058f36 refs/pull/16/head
a3eaeff347ecb392714820b20b6d3f7af5c041db refs/pull/16/merge
534b3ed2804ecc1cafe74ef2c73584bab5c8c9db refs/pull/160/head
56a186fa0c3339436b6f74adb351b21574704642 refs/pull/160/merge
376ca7ec2abe61e62c0b44137ee1e492c26751be refs/pull/161/head
db7f1f4f40393f07a730368064e517f67250a61a refs/pull/162/head
199c010fe67c8f6676681fa5aa53b70ed13cf88c refs/pull/163/head
138ea6961069a9bb9f3495d9f827b5788e9b3722 refs/pull/164/head
30487accb078800c7a0b31168b56e8fb32c300a1 refs/pull/166/head
dfb112af72ab369d1cee753117d1bf4bb6a38648 refs/pull/166/merge
96ae356dd2280f41c65075c293fab87b0917497b refs/pull/167/head
2a22acf7703ee29be23da3b502f1cf812879b7d3 refs/pull/168/head
b480d7574dbd2779639d8c936599849b1a65e94a refs/pull/169/head
e92a5a6cc28ebfa2aa3a0a00e174903f54061c3f refs/pull/170/head
2e2d3c191b64a18d35c2161f9e15cbda4786b2ee refs/pull/171/head
e1f217913fc83f93f9dd5a4c20901c1d2e7de024 refs/pull/172/head
4ee9a684957464c07ef3a49386c5dd57044442b6 refs/pull/173/head
30ecb5c11ff7553ea72046d2de93718ee9d25034 refs/pull/174/head
37ca2d4d28effea252178526942946f631281384 refs/pull/175/head
ab937b5adab6c4fc9c32d78ce220dfe9b290e1e8 refs/pull/176/head
7f754af56586fae33f6f6ecd45a4d334f59324e6 refs/pull/178/head
